
Microsoft Visual Studio Solution File, Format Version 12.00
# Visual Studio Version 16
VisualStudioVersion = 16.0.30011.22
MinimumVisualStudioVersion = 10.0.40219.1
Project("{FAE04EC0-301F-11D3-BF4B-00C04F79EFBC}") = "Semana5", "Semana5\Semana5.csproj", "{2C491597-36B3-42ED-88D5-B21C17E8D94F}"
EndProject
Project("{FAE04EC0-301F-11D3-BF4B-00C04F79EFBC}") = "Data", "Data\Data.csproj", "{6EA850D7-EDFA-4F26-88DA-479F1BE54BB8}"
EndProject
Project("{FAE04EC0-301F-11D3-BF4B-00C04F79EFBC}") = "Business", "Business\Business.csproj", "{87E06DAD-F626-481A-AC37-5D78BBC568A8}"
EndProject
Project("{FAE04EC0-301F-11D3-BF4B-00C04F79EFBC}") = "Entity", "Entity\Entity.csproj", "{C3D7A903-8CA3-4B9B-AE38-AB285F384E95}"
EndProject
Global
	GlobalSection(SolutionConfigurationPlatforms) = preSolution
		Debug|Any CPU = Debug|Any CPU
		Release|Any CPU = Release|Any CPU
	EndGlobalSection
	GlobalSection(ProjectConfigurationPlatforms) = postSolution
		{2C491597-36B3-42ED-88D5-B21C17E8D94F}.Debug|Any CPU.ActiveCfg = Debug|Any CPU
		{2C491597-36B3-42ED-88D5-B21C17E8D94F}.Debug|Any CPU.Build.0 = Debug|Any CPU
		{2C491597-36B3-42ED-88D5-B21C17E8D94F}.Release|Any CPU.ActiveCfg = Release|Any CPU
		{2C491597-36B3-42ED-88D5-B21C17E8D94F}.Release|Any CPU.Build.0 = Release|Any CPU
		{6EA850D7-EDFA-4F26-88DA-479F1BE54BB8}.Debug|Any CPU.ActiveCfg = Debug|Any CPU
		{6EA850D7-EDFA-4F26-88DA-479F1BE54BB8}.Debug|Any CPU.Build.0 = Debug|Any CPU
		{6EA850D7-EDFA-4F26-88DA-479F1BE54BB8}.Release|Any CPU.ActiveCfg = Release|Any CPU
		{6EA850D7-EDFA-4F26-88DA-479F1BE54BB8}.Release|Any CPU.Build.0 = Release|Any CPU
		{87E06DAD-F626-481A-AC37-5D78BBC568A8}.Debug|Any CPU.ActiveCfg = Debug|Any CPU
		{87E06DAD-F626-481A-AC37-5D78BBC568A8}.Debug|Any CPU.Build.0 = Debug|Any CPU
		{87E06DAD-F626-481A-AC37-5D78BBC568A8}.Release|Any CPU.ActiveCfg = Release|Any CPU
		{87E06DAD-F626-481A-AC37-5D78BBC568A8}.Release|Any CPU.Build.0 = Release|Any CPU
		{C3D7A903-8CA3-4B9B-AE38-AB285F384E95}.Debug|Any CPU.ActiveCfg = Debug|Any CPU
		{C3D7A903-8CA3-4B9B-AE38-AB285F384E95}.Debug|Any CPU.Build.0 = Debug|Any CPU
		{C3D7A903-8CA3-4B9B-AE38-AB285F384E95}.Release|Any CPU.ActiveCfg = Release|Any CPU
		{C3D7A903-8CA3-4B9B-AE38-AB285F384E95}.Release|Any CPU.Build.0 = Release|Any CPU
	EndGlobalSection
	GlobalSection(SolutionProperties) = preSolution
		HideSolutionNode = FALSE
	EndGlobalSection
	GlobalSection(ExtensibilityGlobals) = postSolution
		SolutionGuid = {D752204F-A4CC-4568-8E9E-CDA265E86503}
	EndGlobalSection
EndGlobal
